
Microsoft Visual Studio Solution File, Format Version 12.00
# Visual Studio Version 17
VisualStudioVersion = 17.0.31521.260
MinimumVisualStudioVersion = 15.0.26124.0
Project("{9A19103F-16F7-4668-BE54-9A1E7A4F7556}") = "Heartbeat.Runtime", "src\Heartbeat.Runtime\Heartbeat.Runtime.csproj", "{9E63F5A0-7695-474C-A946-64D75F8D9617}"
EndProject
Project("{9A19103F-16F7-4668-BE54-9A1E7A4F7556}") = "Heartbeat.Hosting.Console", "src\Heartbeat.Hosting.Console\Heartbeat.Hosting.Console.csproj", "{D4060CFE-8141-49CE-99A5-559599D0E6B4}"
EndProject
Project("{9A19103F-16F7-4668-BE54-9A1E7A4F7556}") = "Heartbeat.Hosting.PowerShell", "src\Heartbeat.Hosting.PowerShell\Heartbeat.Hosting.PowerShell.csproj", "{32B37000-FDA7-46CD-836B-66297F6796F3}"
EndProject
Project("{2150E333-8FDC-42A3-9474-1A3956D46DE8}") = "Solution Items", "Solution Items", "{BE3A3B9E-B429-4D93-8E8D-9A23CCA4DA19}"
	ProjectSection(SolutionItems) = preProject
		.editorconfig = .editorconfig
		Directory.Build.props = Directory.Build.props
		HeartbeatRpc.proto = HeartbeatRpc.proto
		.github\workflows\push-package.yml = .github\workflows\push-package.yml
		README.md = README.md
	EndProjectSection
EndProject
Project("{9A19103F-16F7-4668-BE54-9A1E7A4F7556}") = "AsyncStask.IntegrationTest", "tests\AsyncStask.IntegrationTest\AsyncStask.IntegrationTest.csproj", "{AC8E6790-14D5-42C5-AF51-98E8EB80644F}"
EndProject
Project("{2150E333-8FDC-42A3-9474-1A3956D46DE8}") = "tests", "tests", "{E52617F0-FB17-4C0C-A70A-26A3C11A8647}"
EndProject
Project("{9A19103F-16F7-4668-BE54-9A1E7A4F7556}") = "DumpHelper", "tests\DumpHelper\DumpHelper.csproj", "{789E65CA-B8F7-47B9-9013-B159D1E93F36}"
EndProject
Project("{2150E333-8FDC-42A3-9474-1A3956D46DE8}") = "src", "src", "{677CC7ED-C157-4885-884A-5C88B08A90C6}"
EndProject
Project("{9A19103F-16F7-4668-BE54-9A1E7A4F7556}") = "Heartbeat.Hosting.Desktop", "src\Heartbeat.Hosting.Desktop\Heartbeat.Hosting.Desktop.csproj", "{D699BF68-484A-4F2F-8753-F73333F70C28}"
EndProject
Project("{9A19103F-16F7-4668-BE54-9A1E7A4F7556}") = "Heartbeat.Rpc", "src\Heartbeat.Rpc\Heartbeat.Rpc.csproj", "{4838A5E3-4982-4D44-AE46-66BC0C54E5B6}"
EndProject
Project("{2150E333-8FDC-42A3-9474-1A3956D46DE8}") = "Backend", "Backend", "{17DDEB1A-97F5-4027-B993-17D4E82F4527}"
EndProject
Project("{2150E333-8FDC-42A3-9474-1A3956D46DE8}") = "Rpc", "Rpc", "{CC16B70E-40A8-4F22-A099-E32232DCFECB}"
EndProject
Project("{2150E333-8FDC-42A3-9474-1A3956D46DE8}") = "Frontend", "Frontend", "{A541E5DF-DD2D-4ED8-8F6F-6AE55E27EF99}"
EndProject
Project("{9A19103F-16F7-4668-BE54-9A1E7A4F7556}") = "Heartbeat.Domain", "src\Heartbeat.Domain\Heartbeat.Domain.csproj", "{E51832C0-5017-4EF2-A4ED-C15F354F0040}"
EndProject
Project("{9A19103F-16F7-4668-BE54-9A1E7A4F7556}") = "Heartbeat.Rpc.Contract", "src\Heartbeat.Rpc.Contract\Heartbeat.Rpc.Contract.csproj", "{6AEEB45F-6F56-459F-B10E-AA900003F684}"
EndProject
Project("{FAE04EC0-301F-11D3-BF4B-00C04F79EFBC}") = "Heartbeat.Runtime.Rpc", "src\Heartbeat.Runtime.Rpc\Heartbeat.Runtime.Rpc.csproj", "{6A373A02-259B-48A2-8BF5-270F2504DDEE}"
EndProject
Global
	GlobalSection(SolutionConfigurationPlatforms) = preSolution
		Debug|Any CPU = Debug|Any CPU
		Debug|x64 = Debug|x64
		Debug|x86 = Debug|x86
		DebugLocal|Any CPU = DebugLocal|Any CPU
		DebugLocal|x64 = DebugLocal|x64
		DebugLocal|x86 = DebugLocal|x86
		Release|Any CPU = Release|Any CPU
		Release|x64 = Release|x64
		Release|x86 = Release|x86
	EndGlobalSection
	GlobalSection(ProjectConfigurationPlatforms) = postSolution
		{9E63F5A0-7695-474C-A946-64D75F8D9617}.Debug|Any CPU.ActiveCfg = Debug|Any CPU
		{9E63F5A0-7695-474C-A946-64D75F8D9617}.Debug|Any CPU.Build.0 = Debug|Any CPU
		{9E63F5A0-7695-474C-A946-64D75F8D9617}.Debug|x64.ActiveCfg = Debug|Any CPU
		{9E63F5A0-7695-474C-A946-64D75F8D9617}.Debug|x64.Build.0 = Debug|Any CPU
		{9E63F5A0-7695-474C-A946-64D75F8D9617}.Debug|x86.ActiveCfg = Debug|Any CPU
		{9E63F5A0-7695-474C-A946-64D75F8D9617}.Debug|x86.Build.0 = Debug|Any CPU
		{9E63F5A0-7695-474C-A946-64D75F8D9617}.DebugLocal|Any CPU.ActiveCfg = DebugLocal|Any CPU
		{9E63F5A0-7695-474C-A946-64D75F8D9617}.DebugLocal|Any CPU.Build.0 = DebugLocal|Any CPU
		{9E63F5A0-7695-474C-A946-64D75F8D9617}.DebugLocal|x64.ActiveCfg = DebugLocal|Any CPU
		{9E63F5A0-7695-474C-A946-64D75F8D9617}.DebugLocal|x64.Build.0 = DebugLocal|Any CPU
		{9E63F5A0-7695-474C-A946-64D75F8D9617}.DebugLocal|x86.ActiveCfg = DebugLocal|Any CPU
		{9E63F5A0-7695-474C-A946-64D75F8D9617}.DebugLocal|x86.Build.0 = DebugLocal|Any CPU
		{9E63F5A0-7695-474C-A946-64D75F8D9617}.Release|Any CPU.ActiveCfg = Release|Any CPU
		{9E63F5A0-7695-474C-A946-64D75F8D9617}.Release|Any CPU.Build.0 = Release|Any CPU
		{9E63F5A0-7695-474C-A946-64D75F8D9617}.Release|x64.ActiveCfg = Release|Any CPU
		{9E63F5A0-7695-474C-A946-64D75F8D9617}.Release|x64.Build.0 = Release|Any CPU
		{9E63F5A0-7695-474C-A946-64D75F8D9617}.Release|x86.ActiveCfg = Release|Any CPU
		{9E63F5A0-7695-474C-A946-64D75F8D9617}.Release|x86.Build.0 = Release|Any CPU
		{D4060CFE-8141-49CE-99A5-559599D0E6B4}.Debug|Any CPU.ActiveCfg = Debug|Any CPU
		{D4060CFE-8141-49CE-99A5-559599D0E6B4}.Debug|Any CPU.Build.0 = Debug|Any CPU
		{D4060CFE-8141-49CE-99A5-559599D0E6B4}.Debug|x64.ActiveCfg = Debug|Any CPU
		{D4060CFE-8141-49CE-99A5-559599D0E6B4}.Debug|x64.Build.0 = Debug|Any CPU
		{D4060CFE-8141-49CE-99A5-559599D0E6B4}.Debug|x86.ActiveCfg = Debug|Any CPU
		{D4060CFE-8141-49CE-99A5-559599D0E6B4}.Debug|x86.Build.0 = Debug|Any CPU
		{D4060CFE-8141-49CE-99A5-559599D0E6B4}.DebugLocal|Any CPU.ActiveCfg = DebugLocal|Any CPU
		{D4060CFE-8141-49CE-99A5-559599D0E6B4}.DebugLocal|Any CPU.Build.0 = DebugLocal|Any CPU
		{D4060CFE-8141-49CE-99A5-559599D0E6B4}.DebugLocal|x64.ActiveCfg = DebugLocal|Any CPU
		{D4060CFE-8141-49CE-99A5-559599D0E6B4}.DebugLocal|x64.Build.0 = DebugLocal|Any CPU
		{D4060CFE-8141-49CE-99A5-559599D0E6B4}.DebugLocal|x86.ActiveCfg = DebugLocal|Any CPU
		{D4060CFE-8141-49CE-99A5-559599D0E6B4}.DebugLocal|x86.Build.0 = DebugLocal|Any CPU
		{D4060CFE-8141-49CE-99A5-559599D0E6B4}.Release|Any CPU.ActiveCfg = Release|Any CPU
		{D4060CFE-8141-49CE-99A5-559599D0E6B4}.Release|Any CPU.Build.0 = Release|Any CPU
		{D4060CFE-8141-49CE-99A5-559599D0E6B4}.Release|x64.ActiveCfg = Release|Any CPU
		{D4060CFE-8141-49CE-99A5-559599D0E6B4}.Release|x64.Build.0 = Release|Any CPU
		{D4060CFE-8141-49CE-99A5-559599D0E6B4}.Release|x86.ActiveCfg = Release|Any CPU
		{D4060CFE-8141-49CE-99A5-559599D0E6B4}.Release|x86.Build.0 = Release|Any CPU
		{32B37000-FDA7-46CD-836B-66297F6796F3}.Debug|Any CPU.ActiveCfg = Debug|Any CPU
		{32B37000-FDA7-46CD-836B-66297F6796F3}.Debug|Any CPU.Build.0 = Debug|Any CPU
		{32B37000-FDA7-46CD-836B-66297F6796F3}.Debug|x64.ActiveCfg = Debug|Any CPU
		{32B37000-FDA7-46CD-836B-66297F6796F3}.Debug|x64.Build.0 = Debug|Any CPU
		{32B37000-FDA7-46CD-836B-66297F6796F3}.Debug|x86.ActiveCfg = Debug|Any CPU
		{32B37000-FDA7-46CD-836B-66297F6796F3}.Debug|x86.Build.0 = Debug|Any CPU
		{32B37000-FDA7-46CD-836B-66297F6796F3}.DebugLocal|Any CPU.ActiveCfg = DebugLocal|Any CPU
		{32B37000-FDA7-46CD-836B-66297F6796F3}.DebugLocal|Any CPU.Build.0 = DebugLocal|Any CPU
		{32B37000-FDA7-46CD-836B-66297F6796F3}.DebugLocal|x64.ActiveCfg = DebugLocal|Any CPU
		{32B37000-FDA7-46CD-836B-66297F6796F3}.DebugLocal|x64.Build.0 = DebugLocal|Any CPU
		{32B37000-FDA7-46CD-836B-66297F6796F3}.DebugLocal|x86.ActiveCfg = DebugLocal|Any CPU
		{32B37000-FDA7-46CD-836B-66297F6796F3}.DebugLocal|x86.Build.0 = DebugLocal|Any CPU
		{32B37000-FDA7-46CD-836B-66297F6796F3}.Release|Any CPU.ActiveCfg = Release|Any CPU
		{32B37000-FDA7-46CD-836B-66297F6796F3}.Release|Any CPU.Build.0 = Release|Any CPU
		{32B37000-FDA7-46CD-836B-66297F6796F3}.Release|x64.ActiveCfg = Release|Any CPU
		{32B37000-FDA7-46CD-836B-66297F6796F3}.Release|x64.Build.0 = Release|Any CPU
		{32B37000-FDA7-46CD-836B-66297F6796F3}.Release|x86.ActiveCfg = Release|Any CPU
		{32B37000-FDA7-46CD-836B-66297F6796F3}.Release|x86.Build.0 = Release|Any CPU
		{AC8E6790-14D5-42C5-AF51-98E8EB80644F}.Debug|Any CPU.ActiveCfg = Debug|Any CPU
		{AC8E6790-14D5-42C5-AF51-98E8EB80644F}.Debug|Any CPU.Build.0 = Debug|Any CPU
		{AC8E6790-14D5-42C5-AF51-98E8EB80644F}.Debug|x64.ActiveCfg = Debug|Any CPU
		{AC8E6790-14D5-42C5-AF51-98E8EB80644F}.Debug|x64.Build.0 = Debug|Any CPU
		{AC8E6790-14D5-42C5-AF51-98E8EB80644F}.Debug|x86.ActiveCfg = Debug|Any CPU
		{AC8E6790-14D5-42C5-AF51-98E8EB80644F}.Debug|x86.Build.0 = Debug|Any CPU
		{AC8E6790-14D5-42C5-AF51-98E8EB80644F}.DebugLocal|Any CPU.ActiveCfg = Debug|Any CPU
		{AC8E6790-14D5-42C5-AF51-98E8EB80644F}.DebugLocal|Any CPU.Build.0 = Debug|Any CPU
		{AC8E6790-14D5-42C5-AF51-98E8EB80644F}.DebugLocal|x64.ActiveCfg = Debug|Any CPU
		{AC8E6790-14D5-42C5-AF51-98E8EB80644F}.DebugLocal|x64.Build.0 = Debug|Any CPU
		{AC8E6790-14D5-42C5-AF51-98E8EB80644F}.DebugLocal|x86.ActiveCfg = Debug|Any CPU
		{AC8E6790-14D5-42C5-AF51-98E8EB80644F}.DebugLocal|x86.Build.0 = Debug|Any CPU
		{AC8E6790-14D5-42C5-AF51-98E8EB80644F}.Release|Any CPU.ActiveCfg = Release|Any CPU
		{AC8E6790-14D5-42C5-AF51-98E8EB80644F}.Release|Any CPU.Build.0 = Release|Any CPU
		{AC8E6790-14D5-42C5-AF51-98E8EB80644F}.Release|x64.ActiveCfg = Release|Any CPU
		{AC8E6790-14D5-42C5-AF51-98E8EB80644F}.Release|x64.Build.0 = Release|Any CPU
		{AC8E6790-14D5-42C5-AF51-98E8EB80644F}.Release|x86.ActiveCfg = Release|Any CPU
		{AC8E6790-14D5-42C5-AF51-98E8EB80644F}.Release|x86.Build.0 = Release|Any CPU
		{789E65CA-B8F7-47B9-9013-B159D1E93F36}.Debug|Any CPU.ActiveCfg = Debug|Any CPU
		{789E65CA-B8F7-47B9-9013-B159D1E93F36}.Debug|Any CPU.Build.0 = Debug|Any CPU
		{789E65CA-B8F7-47B9-9013-B159D1E93F36}.Debug|x64.ActiveCfg = Debug|Any CPU
		{789E65CA-B8F7-47B9-9013-B159D1E93F36}.Debug|x64.Build.0 = Debug|Any CPU
		{789E65CA-B8F7-47B9-9013-B159D1E93F36}.Debug|x86.ActiveCfg = Debug|Any CPU
		{789E65CA-B8F7-47B9-9013-B159D1E93F36}.Debug|x86.Build.0 = Debug|Any CPU
		{789E65CA-B8F7-47B9-9013-B159D1E93F36}.DebugLocal|Any CPU.ActiveCfg = Debug|Any CPU
		{789E65CA-B8F7-47B9-9013-B159D1E93F36}.DebugLocal|Any CPU.Build.0 = Debug|Any CPU
		{789E65CA-B8F7-47B9-9013-B159D1E93F36}.DebugLocal|x64.ActiveCfg = Debug|Any CPU
		{789E65CA-B8F7-47B9-9013-B159D1E93F36}.DebugLocal|x64.Build.0 = Debug|Any CPU
		{789E65CA-B8F7-47B9-9013-B159D1E93F36}.DebugLocal|x86.ActiveCfg = Debug|Any CPU
		{789E65CA-B8F7-47B9-9013-B159D1E93F36}.DebugLocal|x86.Build.0 = Debug|Any CPU
		{789E65CA-B8F7-47B9-9013-B159D1E93F36}.Release|Any CPU.ActiveCfg = Release|Any CPU
		{789E65CA-B8F7-47B9-9013-B159D1E93F36}.Release|Any CPU.Build.0 = Release|Any CPU
		{789E65CA-B8F7-47B9-9013-B159D1E93F36}.Release|x64.ActiveCfg = Release|Any CPU
		{789E65CA-B8F7-47B9-9013-B159D1E93F36}.Release|x64.Build.0 = Release|Any CPU
		{789E65CA-B8F7-47B9-9013-B159D1E93F36}.Release|x86.ActiveCfg = Release|Any CPU
		{789E65CA-B8F7-47B9-9013-B159D1E93F36}.Release|x86.Build.0 = Release|Any CPU
		{D699BF68-484A-4F2F-8753-F73333F70C28}.Debug|Any CPU.ActiveCfg = Debug|Any CPU
		{D699BF68-484A-4F2F-8753-F73333F70C28}.Debug|Any CPU.Build.0 = Debug|Any CPU
		{D699BF68-484A-4F2F-8753-F73333F70C28}.Debug|x64.ActiveCfg = Debug|Any CPU
		{D699BF68-484A-4F2F-8753-F73333F70C28}.Debug|x64.Build.0 = Debug|Any CPU
		{D699BF68-484A-4F2F-8753-F73333F70C28}.Debug|x86.ActiveCfg = Debug|Any CPU
		{D699BF68-484A-4F2F-8753-F73333F70C28}.Debug|x86.Build.0 = Debug|Any CPU
		{D699BF68-484A-4F2F-8753-F73333F70C28}.DebugLocal|Any CPU.ActiveCfg = Debug|Any CPU
		{D699BF68-484A-4F2F-8753-F73333F70C28}.DebugLocal|Any CPU.Build.0 = Debug|Any CPU
		{D699BF68-484A-4F2F-8753-F73333F70C28}.DebugLocal|x64.ActiveCfg = Debug|Any CPU
		{D699BF68-484A-4F2F-8753-F73333F70C28}.DebugLocal|x64.Build.0 = Debug|Any CPU
		{D699BF68-484A-4F2F-8753-F73333F70C28}.DebugLocal|x86.ActiveCfg = Debug|Any CPU
		{D699BF68-484A-4F2F-8753-F73333F70C28}.DebugLocal|x86.Build.0 = Debug|Any CPU
		{D699BF68-484A-4F2F-8753-F73333F70C28}.Release|Any CPU.ActiveCfg = Release|Any CPU
		{D699BF68-484A-4F2F-8753-F73333F70C28}.Release|Any CPU.Build.0 = Release|Any CPU
		{D699BF68-484A-4F2F-8753-F73333F70C28}.Release|x64.ActiveCfg = Release|Any CPU
		{D699BF68-484A-4F2F-8753-F73333F70C28}.Release|x64.Build.0 = Release|Any CPU
		{D699BF68-484A-4F2F-8753-F73333F70C28}.Release|x86.ActiveCfg = Release|Any CPU
		{D699BF68-484A-4F2F-8753-F73333F70C28}.Release|x86.Build.0 = Release|Any CPU
		{4838A5E3-4982-4D44-AE46-66BC0C54E5B6}.Debug|Any CPU.ActiveCfg = Debug|Any CPU
		{4838A5E3-4982-4D44-AE46-66BC0C54E5B6}.Debug|Any CPU.Build.0 = Debug|Any CPU
		{4838A5E3-4982-4D44-AE46-66BC0C54E5B6}.Debug|x64.ActiveCfg = Debug|Any CPU
		{4838A5E3-4982-4D44-AE46-66BC0C54E5B6}.Debug|x64.Build.0 = Debug|Any CPU
		{4838A5E3-4982-4D44-AE46-66BC0C54E5B6}.Debug|x86.ActiveCfg = Debug|Any CPU
		{4838A5E3-4982-4D44-AE46-66BC0C54E5B6}.Debug|x86.Build.0 = Debug|Any CPU
		{4838A5E3-4982-4D44-AE46-66BC0C54E5B6}.DebugLocal|Any CPU.ActiveCfg = Debug|Any CPU
		{4838A5E3-4982-4D44-AE46-66BC0C54E5B6}.DebugLocal|Any CPU.Build.0 = Debug|Any CPU
		{4838A5E3-4982-4D44-AE46-66BC0C54E5B6}.DebugLocal|x64.ActiveCfg = Debug|Any CPU
		{4838A5E3-4982-4D44-AE46-66BC0C54E5B6}.DebugLocal|x64.Build.0 = Debug|Any CPU
		{4838A5E3-4982-4D44-AE46-66BC0C54E5B6}.DebugLocal|x86.ActiveCfg = Debug|Any CPU
		{4838A5E3-4982-4D44-AE46-66BC0C54E5B6}.DebugLocal|x86.Build.0 = Debug|Any CPU
		{4838A5E3-4982-4D44-AE46-66BC0C54E5B6}.Release|Any CPU.ActiveCfg = Release|Any CPU
		{4838A5E3-4982-4D44-AE46-66BC0C54E5B6}.Release|Any CPU.Build.0 = Release|Any CPU
		{4838A5E3-4982-4D44-AE46-66BC0C54E5B6}.Release|x64.ActiveCfg = Release|Any CPU
		{4838A5E3-4982-4D44-AE46-66BC0C54E5B6}.Release|x64.Build.0 = Release|Any CPU
		{4838A5E3-4982-4D44-AE46-66BC0C54E5B6}.Release|x86.ActiveCfg = Release|Any CPU
		{4838A5E3-4982-4D44-AE46-66BC0C54E5B6}.Release|x86.Build.0 = Release|Any CPU
		{E51832C0-5017-4EF2-A4ED-C15F354F0040}.Debug|Any CPU.ActiveCfg = Debug|Any CPU
		{E51832C0-5017-4EF2-A4ED-C15F354F0040}.Debug|Any CPU.Build.0 = Debug|Any CPU
		{E51832C0-5017-4EF2-A4ED-C15F354F0040}.Debug|x64.ActiveCfg = Debug|Any CPU
		{E51832C0-5017-4EF2-A4ED-C15F354F0040}.Debug|x64.Build.0 = Debug|Any CPU
		{E51832C0-5017-4EF2-A4ED-C15F354F0040}.Debug|x86.ActiveCfg = Debug|Any CPU
		{E51832C0-5017-4EF2-A4ED-C15F354F0040}.Debug|x86.Build.0 = Debug|Any CPU
		{E51832C0-5017-4EF2-A4ED-C15F354F0040}.DebugLocal|Any CPU.ActiveCfg = Debug|Any CPU
		{E51832C0-5017-4EF2-A4ED-C15F354F0040}.DebugLocal|Any CPU.Build.0 = Debug|Any CPU
		{E51832C0-5017-4EF2-A4ED-C15F354F0040}.DebugLocal|x64.ActiveCfg = Debug|Any CPU
		{E51832C0-5017-4EF2-A4ED-C15F354F0040}.DebugLocal|x64.Build.0 = Debug|Any CPU
		{E51832C0-5017-4EF2-A4ED-C15F354F0040}.DebugLocal|x86.ActiveCfg = Debug|Any CPU
		{E51832C0-5017-4EF2-A4ED-C15F354F0040}.DebugLocal|x86.Build.0 = Debug|Any CPU
		{E51832C0-5017-4EF2-A4ED-C15F354F0040}.Release|Any CPU.ActiveCfg = Release|Any CPU
		{E51832C0-5017-4EF2-A4ED-C15F354F0040}.Release|Any CPU.Build.0 = Release|Any CPU
		{E51832C0-5017-4EF2-A4ED-C15F354F0040}.Release|x64.ActiveCfg = Release|Any CPU
		{E51832C0-5017-4EF2-A4ED-C15F354F0040}.Release|x64.Build.0 = Release|Any CPU
		{E51832C0-5017-4EF2-A4ED-C15F354F0040}.Release|x86.ActiveCfg = Release|Any CPU
		{E51832C0-5017-4EF2-A4ED-C15F354F0040}.Release|x86.Build.0 = Release|Any CPU
		{6AEEB45F-6F56-459F-B10E-AA900003F684}.Debug|Any CPU.ActiveCfg = Debug|Any CPU
		{6AEEB45F-6F56-459F-B10E-AA900003F684}.Debug|Any CPU.Build.0 = Debug|Any CPU
		{6AEEB45F-6F56-459F-B10E-AA900003F684}.Debug|x64.ActiveCfg = Debug|Any CPU
		{6AEEB45F-6F56-459F-B10E-AA900003F684}.Debug|x64.Build.0 = Debug|Any CPU
		{6AEEB45F-6F56-459F-B10E-AA900003F684}.Debug|x86.ActiveCfg = Debug|Any CPU
		{6AEEB45F-6F56-459F-B10E-AA900003F684}.Debug|x86.Build.0 = Debug|Any CPU
		{6AEEB45F-6F56-459F-B10E-AA900003F684}.DebugLocal|Any CPU.ActiveCfg = Debug|Any CPU
		{6AEEB45F-6F56-459F-B10E-AA900003F684}.DebugLocal|Any CPU.Build.0 = Debug|Any CPU
		{6AEEB45F-6F56-459F-B10E-AA900003F684}.DebugLocal|x64.ActiveCfg = Debug|Any CPU
		{6AEEB45F-6F56-459F-B10E-AA900003F684}.DebugLocal|x64.Build.0 = Debug|Any CPU
		{6AEEB45F-6F56-459F-B10E-AA900003F684}.DebugLocal|x86.ActiveCfg = Debug|Any CPU
		{6AEEB45F-6F56-459F-B10E-AA900003F684}.DebugLocal|x86.Build.0 = Debug|Any CPU
		{6AEEB45F-6F56-459F-B10E-AA900003F684}.Release|Any CPU.ActiveCfg = Release|Any CPU
		{6AEEB45F-6F56-459F-B10E-AA900003F684}.Release|Any CPU.Build.0 = Release|Any CPU
		{6AEEB45F-6F56-459F-B10E-AA900003F684}.Release|x64.ActiveCfg = Release|Any CPU
		{6AEEB45F-6F56-459F-B10E-AA900003F684}.Release|x64.Build.0 = Release|Any CPU
		{6AEEB45F-6F56-459F-B10E-AA900003F684}.Release|x86.ActiveCfg = Release|Any CPU
		{6AEEB45F-6F56-459F-B10E-AA900003F684}.Release|x86.Build.0 = Release|Any CPU
		{6A373A02-259B-48A2-8BF5-270F2504DDEE}.Debug|Any CPU.ActiveCfg = Debug|Any CPU
		{6A373A02-259B-48A2-8BF5-270F2504DDEE}.Debug|Any CPU.Build.0 = Debug|Any CPU
		{6A373A02-259B-48A2-8BF5-270F2504DDEE}.Debug|x64.ActiveCfg = Debug|Any CPU
		{6A373A02-259B-48A2-8BF5-270F2504DDEE}.Debug|x64.Build.0 = Debug|Any CPU
		{6A373A02-259B-48A2-8BF5-270F2504DDEE}.Debug|x86.ActiveCfg = Debug|Any CPU
		{6A373A02-259B-48A2-8BF5-270F2504DDEE}.Debug|x86.Build.0 = Debug|Any CPU
		{6A373A02-259B-48A2-8BF5-270F2504DDEE}.DebugLocal|Any CPU.ActiveCfg = Debug|Any CPU
		{6A373A02-259B-48A2-8BF5-270F2504DDEE}.DebugLocal|Any CPU.Build.0 = Debug|Any CPU
		{6A373A02-259B-48A2-8BF5-270F2504DDEE}.DebugLocal|x64.ActiveCfg = Debug|Any CPU
		{6A373A02-259B-48A2-8BF5-270F2504DDEE}.DebugLocal|x64.Build.0 = Debug|Any CPU
		{6A373A02-259B-48A2-8BF5-270F2504DDEE}.DebugLocal|x86.ActiveCfg = Debug|Any CPU
		{6A373A02-259B-48A2-8BF5-270F2504DDEE}.DebugLocal|x86.Build.0 = Debug|Any CPU
		{6A373A02-259B-48A2-8BF5-270F2504DDEE}.Release|Any CPU.ActiveCfg = Release|Any CPU
		{6A373A02-259B-48A2-8BF5-270F2504DDEE}.Release|Any CPU.Build.0 = Release|Any CPU
		{6A373A02-259B-48A2-8BF5-270F2504DDEE}.Release|x64.ActiveCfg = Release|Any CPU
		{6A373A02-259B-48A2-8BF5-270F2504DDEE}.Release|x64.Build.0 = Release|Any CPU
		{6A373A02-259B-48A2-8BF5-270F2504DDEE}.Release|x86.ActiveCfg = Release|Any CPU
		{6A373A02-259B-48A2-8BF5-270F2504DDEE}.Release|x86.Build.0 = Release|Any CPU
	EndGlobalSection
	GlobalSection(SolutionProperties) = preSolution
		HideSolutionNode = FALSE
	EndGlobalSection
	GlobalSection(NestedProjects) = preSolution
		{9E63F5A0-7695-474C-A946-64D75F8D9617} = {17DDEB1A-97F5-4027-B993-17D4E82F4527}
		{D4060CFE-8141-49CE-99A5-559599D0E6B4} = {A541E5DF-DD2D-4ED8-8F6F-6AE55E27EF99}
		{32B37000-FDA7-46CD-836B-66297F6796F3} = {A541E5DF-DD2D-4ED8-8F6F-6AE55E27EF99}
		{AC8E6790-14D5-42C5-AF51-98E8EB80644F} = {E52617F0-FB17-4C0C-A70A-26A3C11A8647}
		{789E65CA-B8F7-47B9-9013-B159D1E93F36} = {E52617F0-FB17-4C0C-A70A-26A3C11A8647}
		{D699BF68-484A-4F2F-8753-F73333F70C28} = {A541E5DF-DD2D-4ED8-8F6F-6AE55E27EF99}
		{4838A5E3-4982-4D44-AE46-66BC0C54E5B6} = {CC16B70E-40A8-4F22-A099-E32232DCFECB}
		{17DDEB1A-97F5-4027-B993-17D4E82F4527} = {677CC7ED-C157-4885-884A-5C88B08A90C6}
		{CC16B70E-40A8-4F22-A099-E32232DCFECB} = {677CC7ED-C157-4885-884A-5C88B08A90C6}
		{A541E5DF-DD2D-4ED8-8F6F-6AE55E27EF99} = {677CC7ED-C157-4885-884A-5C88B08A90C6}
		{E51832C0-5017-4EF2-A4ED-C15F354F0040} = {677CC7ED-C157-4885-884A-5C88B08A90C6}
		{6AEEB45F-6F56-459F-B10E-AA900003F684} = {CC16B70E-40A8-4F22-A099-E32232DCFECB}
		{6A373A02-259B-48A2-8BF5-270F2504DDEE} = {CC16B70E-40A8-4F22-A099-E32232DCFECB}
	EndGlobalSection
	GlobalSection(ExtensibilityGlobals) = postSolution
		SolutionGuid = {9BC4B059-33F1-4B7C-B5D9-DA6D2F1E5076}
	EndGlobalSection
EndGlobal
